
Microsoft Visual Studio Solution File, Format Version 12.00
# Visual Studio 2013
VisualStudioVersion = 12.0.21005.1
MinimumVisualStudioVersion = 10.0.40219.1
Project("{FAE04EC0-301F-11D3-BF4B-00C04F79EFBC}") = "FrmReducerDesignerApplication", "FrmReducerDesignerApplication\FrmReducerDesignerApplication.csproj", "{213F87E4-5525-4694-B95C-D5FBE5F911DB}"
EndProject
Project("{FAE04EC0-301F-11D3-BF4B-00C04F79EFBC}") = "DAL", "DAL\DAL.csproj", "{B0D2A89F-35A0-40E6-A2FE-14EF3915904E}"
EndProject
Project("{FAE04EC0-301F-11D3-BF4B-00C04F79EFBC}") = "Models", "Models\Models.csproj", "{3697AF0B-5592-4134-9A86-338DA57FCA4B}"
EndProject
Global
	GlobalSection(SolutionConfigurationPlatforms) = preSolution
		Debug|Any CPU = Debug|Any CPU
		Release|Any CPU = Release|Any CPU
	EndGlobalSection
	GlobalSection(ProjectConfigurationPlatforms) = postSolution
		{213F87E4-5525-4694-B95C-D5FBE5F911DB}.Debug|Any CPU.ActiveCfg = Debug|Any CPU
		{213F87E4-5525-4694-B95C-D5FBE5F911DB}.Debug|Any CPU.Build.0 = Debug|Any CPU
		{213F87E4-5525-4694-B95C-D5FBE5F911DB}.Release|Any CPU.ActiveCfg = Release|Any CPU
		{213F87E4-5525-4694-B95C-D5FBE5F911DB}.Release|Any CPU.Build.0 = Release|Any CPU
		{B0D2A89F-35A0-40E6-A2FE-14EF3915904E}.Debug|Any CPU.ActiveCfg = Debug|Any CPU
		{B0D2A89F-35A0-40E6-A2FE-14EF3915904E}.Debug|Any CPU.Build.0 = Debug|Any CPU
		{B0D2A89F-35A0-40E6-A2FE-14EF3915904E}.Release|Any CPU.ActiveCfg = Release|Any CPU
		{B0D2A89F-35A0-40E6-A2FE-14EF3915904E}.Release|Any CPU.Build.0 = Release|Any CPU
		{3697AF0B-5592-4134-9A86-338DA57FCA4B}.Debug|Any CPU.ActiveCfg = Debug|Any CPU
		{3697AF0B-5592-4134-9A86-338DA57FCA4B}.Debug|Any CPU.Build.0 = Debug|Any CPU
		{3697AF0B-5592-4134-9A86-338DA57FCA4B}.Release|Any CPU.ActiveCfg = Release|Any CPU
		{3697AF0B-5592-4134-9A86-338DA57FCA4B}.Release|Any CPU.Build.0 = Release|Any CPU
	EndGlobalSection
	GlobalSection(SolutionProperties) = preSolution
		HideSolutionNode = FALSE
	EndGlobalSection
EndGlobal
